
Microsoft Visual Studio Solution File, Format Version 12.00
# Visual Studio Version 17
VisualStudioVersion = 17.2.32602.215
MinimumVisualStudioVersion = 10.0.40219.1
Project("{FAE04EC0-301F-11D3-BF4B-00C04F79EFBC}") = "properties", "properties\properties.csproj", "{7F8D1066-A0F5-4ABF-854A-BC93B7069DC8}"
EndProject
Global
	GlobalSection(SolutionConfigurationPlatforms) = preSolution
		Debug|Any CPU = Debug|Any CPU
		Release|Any CPU = Release|Any CPU
	EndGlobalSection
	GlobalSection(ProjectConfigurationPlatforms) = postSolution
		{7F8D1066-A0F5-4ABF-854A-BC93B7069DC8}.Debug|Any CPU.ActiveCfg = Debug|Any CPU
		{7F8D1066-A0F5-4ABF-854A-BC93B7069DC8}.Debug|Any CPU.Build.0 = Debug|Any CPU
		{7F8D1066-A0F5-4ABF-854A-BC93B7069DC8}.Release|Any CPU.ActiveCfg = Release|Any CPU
		{7F8D1066-A0F5-4ABF-854A-BC93B7069DC8}.Release|Any CPU.Build.0 = Release|Any CPU
	EndGlobalSection
	GlobalSection(SolutionProperties) = preSolution
		HideSolutionNode = FALSE
	EndGlobalSection
	GlobalSection(ExtensibilityGlobals) = postSolution
		SolutionGuid = {956F21AB-F488-429F-852D-1E495526E4F1}
	EndGlobalSection
EndGlobal
